// !$*UTF8*$!
{
	archiveVersion = 1;
	classes = {
	};
	objectVersion = 46;
	objects = {

/* Begin PBXBuildFile section */
		11A33C0A1B4C75A000DA0108 /* main.m in Sources */ = {isa = PBXBuildFile; fileRef = 11A33C091B4C75A000DA0108 /* main.m */; };
		11A33C0D1B4C75A000DA0108 /* AppDelegate.m in Sources */ = {isa = PBXBuildFile; fileRef = 11A33C0C1B4C75A000DA0108 /* AppDelegate.m */; };
		11A33C101B4C75A000DA0108 /* ViewController.m in Sources */ = {isa = PBXBuildFile; fileRef = 11A33C0F1B4C75A000DA0108 /* ViewController.m */; };
		11A33C131B4C75A000DA0108 /* Main.storyboard in Resources */ = {isa = PBXBuildFile; fileRef = 11A33C111B4C75A000DA0108 /* Main.storyboard */; };
		11A33C151B4C75A000DA0108 /* Images.xcassets in Resources */ = {isa = PBXBuildFile; fileRef = 11A33C141B4C75A000DA0108 /* Images.xcassets */; };
		11A33C181B4C75A000DA0108 /* LaunchScreen.xib in Resources */ = {isa = PBXBuildFile; fileRef = 11A33C161B4C75A000DA0108 /* LaunchScreen.xib */; };
		11A33C241B4C75A100DA0108 /* jodyTests.m in Sources */ = {isa = PBXBuildFile; fileRef = 11A33C231B4C75A100DA0108 /* jodyTests.m */; };
/* End PBXBuildFile section */

/* Begin PBXContainerItemProxy section */
		11A33C1E1B4C75A100DA0108 /* PBXContainerItemProxy */ = {
			isa = PBXContainerItemProxy;
			containerPortal = 11A33BFC1B4C75A000DA0108 /* Project object */;
			proxyType = 1;
			remoteGlobalIDString = 11A33C031B4C75A000DA0108;
			remoteInfo = jody;
		};
/* End PBXContainerItemProxy section */

/* Begin PBXFileReference section */
		11A33C041B4C75A000DA0108 /* jody.app */ = {isa = PBXFileReference; explicitFileType = wrapper.application; includeInIndex = 0; path = jody.app; sourceTree = BUILT_PRODUCTS_DIR; };
		11A33C081B4C75A000DA0108 /* Info.plist */ = {isa = PBXFileReference; lastKnownFileType = text.plist.xml; path = Info.plist; sourceTree = "<group>"; };
		11A33C091B4C75A000DA0108 /* main.m */ = {isa = PBXFileReference; lastKnownFileType = sourcecode.c.objc; path = main.m; sourceTree = "<group>"; };
		11A33C0B1B4C75A000DA0108 /* AppDelegate.h */ = {isa = PBXFileReference; lastKnownFileType = sourcecode.c.h; path = AppDelegate.h; sourceTree = "<group>"; };
		11A33C0C1B4C75A000DA0108 /* AppDelegate.m */ = {isa = PBXFileReference; lastKnownFileType = sourcecode.c.objc; path = AppDelegate.m; sourceTree = "<group>"; };
		11A33C0E1B4C75A000DA0108 /* ViewController.h */ = {isa = PBXFileReference; lastKnownFileType = sourcecode.c.h; path = ViewController.h; sourceTree = "<group>"; };
		11A33C0F1B4C75A000DA0108 /* ViewController.m */ = {isa = PBXFileReference; lastKnownFileType = sourcecode.c.objc; path = ViewController.m; sourceTree = "<group>"; };
		11A33C121B4C75A000DA0108 /* Base */ = {isa = PBXFileReference; lastKnownFileType = file.storyboard; name = Base; path = Base.lproj/Main.storyboard; sourceTree = "<group>"; };
		11A33C141B4C75A000DA0108 /* Images.xcassets */ = {isa = PBXFileReference; lastKnownFileType = folder.assetcatalog; path = Images.xcassets; sourceTree = "<group>"; };
		11A33C171B4C75A000DA0108 /* Base */ = {isa = PBXFileReference; lastKnownFileType = file.xib; name = Base; path = Base.lproj/LaunchScreen.xib; sourceTree = "<group>"; };
		11A33C1D1B4C75A100DA0108 /* jodyTests.xctest */ = {isa = PBXFileReference; explicitFileType = wrapper.cfbundle; includeInIndex = 0; path = jodyTests.xctest; sourceTree = BUILT_PRODUCTS_DIR; };
		11A33C221B4C75A100DA0108 /* Info.plist */ = {isa = PBXFileReference; lastKnownFileType = text.plist.xml; path = Info.plist; sourceTree = "<group>"; };
		11A33C231B4C75A100DA0108 /* jodyTests.m */ = {isa = PBXFileReference; lastKnownFileType = sourcecode.c.objc; path = jodyTests.m; sourceTree = "<group>"; };
/* End PBXFileReference section */

/* Begin PBXFrameworksBuildPhase section */
		11A33C011B4C75A000DA0108 /* Frameworks */ = {
			isa = PBXFrameworksBuildPhase;
			buildActionMask = 2147483647;
			files = (
			);
			runOnlyForDeploymentPostprocessing = 0;
		};
		11A33C1A1B4C75A100DA0108 /* Frameworks */ = {
			isa = PBXFrameworksBuildPhase;
			buildActionMask = 2147483647;
			files = (
			);
			runOnlyForDeploymentPostprocessing = 0;
		};
/* End PBXFrameworksBuildPhase section */

/* Begin PBXGroup section */
		11A33BFB1B4C75A000DA0108 = {
			isa = PBXGroup;
			children = (
				11A33C061B4C75A000DA0108 /* jody */,
				11A33C201B4C75A100DA0108 /* jodyTests */,
				11A33C051B4C75A000DA0108 /* Products */,
			);
			sourceTree = "<group>";
		};
		11A33C051B4C75A000DA0108 /* Products */ = {
			isa = PBXGroup;
			children = (
				11A33C041B4C75A000DA0108 /* jody.app */,
				11A33C1D1B4C75A100DA0108 /* jodyTests.xctest */,
			);
			name = Products;
			sourceTree = "<group>";
		};
		11A33C061B4C75A000DA0108 /* jody */ = {
			isa = PBXGroup;
			children = (
				11A33C0B1B4C75A000DA0108 /* AppDelegate.h */,
				11A33C0C1B4C75A000DA0108 /* AppDelegate.m */,
				11A33C0E1B4C75A000DA0108 /* ViewController.h */,
				11A33C0F1B4C75A000DA0108 /* ViewController.m */,
				11A33C111B4C75A000DA0108 /* Main.storyboard */,
				11A33C141B4C75A000DA0108 /* Images.xcassets */,
				11A33C161B4C75A000DA0108 /* LaunchScreen.xib */,
				11A33C071B4C75A000DA0108 /* Supporting Files */,
			);
			path = jody;
			sourceTree = "<group>";
		};
		11A33C071B4C75A000DA0108 /* Supporting Files */ = {
			isa = PBXGroup;
			children = (
				11A33C081B4C75A000DA0108 /* Info.plist */,
				11A33C091B4C75A000DA0108 /* main.m */,
			);
			name = "Supporting Files";
			sourceTree = "<group>";
		};
		11A33C201B4C75A100DA0108 /* jodyTests */ = {
			isa = PBXGroup;
			children = (
				11A33C231B4C75A100DA0108 /* jodyTests.m */,
				11A33C211B4C75A100DA0108 /* Supporting Files */,
			);
			path = jodyTests;
			sourceTree = "<group>";
		};
		11A33C211B4C75A100DA0108 /* Supporting Files */ = {
			isa = PBXGroup;
			children = (
				11A33C221B4C75A100DA0108 /* Info.plist */,
			);
			name = "Supporting Files";
			sourceTree = "<group>";
		};
/* End PBXGroup section */

/* Begin PBXNativeTarget section */
		11A33C031B4C75A000DA0108 /* jody */ = {
			isa = PBXNativeTarget;
			buildConfigurationList = 11A33C271B4C75A100DA0108 /* Build configuration list for PBXNativeTarget "jody" */;
			buildPhases = (
				11A33C001B4C75A000DA0108 /* Sources */,
				11A33C011B4C75A000DA0108 /* Frameworks */,
				11A33C021B4C75A000DA0108 /* Resources */,
			);
			buildRules = (
			);
			dependencies = (
			);
			name = jody;
			productName = jody;
			productReference = 11A33C041B4C75A000DA0108 /* jody.app */;
			productType = "com.apple.product-type.application";
		};
		11A33C1C1B4C75A100DA0108 /* jodyTests */ = {
			isa = PBXNativeTarget;
			buildConfigurationList = 11A33C2A1B4C75A100DA0108 /* Build configuration list for PBXNativeTarget "jodyTests" */;
			buildPhases = (
				11A33C191B4C75A100DA0108 /* Sources */,
				11A33C1A1B4C75A100DA0108 /* Frameworks */,
				11A33C1B1B4C75A100DA0108 /* Resources */,
			);
			buildRules = (
			);
			dependencies = (
				11A33C1F1B4C75A100DA0108 /* PBXTargetDependency */,
			);
			name = jodyTests;
			productName = jodyTests;
			productReference = 11A33C1D1B4C75A100DA0108 /* jodyTests.xctest */;
			productType = "com.apple.product-type.bundle.unit-test";
		};
/* End PBXNativeTarget section */

/* Begin PBXProject section */
		11A33BFC1B4C75A000DA0108 /* Project object */ = {
			isa = PBXProject;
			attributes = {
				LastUpgradeCheck = 0640;
				ORGANIZATIONNAME = "Z Sweedyk";
				TargetAttributes = {
					11A33C031B4C75A000DA0108 = {
						CreatedOnToolsVersion = 6.4;
					};
					11A33C1C1B4C75A100DA0108 = {
						CreatedOnToolsVersion = 6.4;
						TestTargetID = 11A33C031B4C75A000DA0108;
					};
				};
			};
			buildConfigurationList = 11A33BFF1B4C75A000DA0108 /* Build configuration list for PBXProject "jody" */;
			compatibilityVersion = "Xcode 3.2";
			developmentRegion = English;
			hasScannedForEncodings = 0;
			knownRegions = (
				en,
				Base,
			);
			mainGroup = 11A33BFB1B4C75A000DA0108;
			productRefGroup = 11A33C051B4C75A000DA0108 /* Products */;
			projectDirPath = "";
			projectRoot = "";
			targets = (
				11A33C031B4C75A000DA0108 /* jody */,
				11A33C1C1B4C75A100DA0108 /* jodyTests */,
			);
		};
/* End PBXProject section */

/* Begin PBXResourcesBuildPhase section */
		11A33C021B4C75A000DA0108 /* Resources */ = {
			isa = PBXResourcesBuildPhase;
			buildActionMask = 2147483647;
			files = (
				11A33C131B4C75A000DA0108 /* Main.storyboard in Resources */,
				11A33C181B4C75A000DA0108 /* LaunchScreen.xib in Resources */,
				11A33C151B4C75A000DA0108 /* Images.xcassets in Resources */,
			);
			runOnlyForDeploymentPostprocessing = 0;
		};
		11A33C1B1B4C75A100DA0108 /* Resources */ = {
			isa = PBXResourcesBuildPhase;
			buildActionMask = 2147483647;
			files = (
			);
			runOnlyForDeploymentPostprocessing = 0;
		};
/* End PBXResourcesBuildPhase section */

/* Begin PBXSourcesBuildPhase section */
		11A33C001B4C75A000DA0108 /* Sources */ = {
			isa = PBXSourcesBuildPhase;
			buildActionMask = 2147483647;
			files = (
				11A33C101B4C75A000DA0108 /* ViewController.m in Sources */,
				11A33C0D1B4C75A000DA0108 /* AppDelegate.m in Sources */,
				11A33C0A1B4C75A000DA0108 /* main.m in Sources */,
			);
			runOnlyForDeploymentPostprocessing = 0;
		};
		11A33C191B4C75A100DA0108 /* Sources */ = {
			isa = PBXSourcesBuildPhase;
			buildActionMask = 2147483647;
			files = (
				11A33C241B4C75A100DA0108 /* jodyTests.m in Sources */,
			);
			runOnlyForDeploymentPostprocessing = 0;
		};
/* End PBXSourcesBuildPhase section */

/* Begin PBXTargetDependency section */
		11A33C1F1B4C75A100DA0108 /* PBXTargetDependency */ = {
			isa = PBXTargetDependency;
			target = 11A33C031B4C75A000DA0108 /* jody */;
			targetProxy = 11A33C1E1B4C75A100DA0108 /* PBXContainerItemProxy */;
		};
/* End PBXTargetDependency section */

/* Begin PBXVariantGroup section */
		11A33C111B4C75A000DA0108 /* Main.storyboard */ = {
			isa = PBXVariantGroup;
			children = (
				11A33C121B4C75A000DA0108 /* Base */,
			);
			name = Main.storyboard;
			sourceTree = "<group>";
		};
		11A33C161B4C75A000DA0108 /* LaunchScreen.xib */ = {
			isa = PBXVariantGroup;
			children = (
				11A33C171B4C75A000DA0108 /* Base */,
			);
			name = LaunchScreen.xib;
			sourceTree = "<group>";
		};
/* End PBXVariantGroup section */

/* Begin XCBuildConfiguration section */
		11A33C251B4C75A100DA0108 /* Debug */ = {
			isa = XCBuildConfiguration;
			buildSettings = {
				ALWAYS_SEARCH_USER_PATHS = NO;
				CLANG_CXX_LANGUAGE_STANDARD = "gnu++0x";
				CLANG_CXX_LIBRARY = "libc++";
				CLANG_ENABLE_MODULES = YES;
				CLANG_ENABLE_OBJC_ARC = YES;
				CLANG_WARN_BOOL_CONVERSION = YES;
				CLANG_WARN_CONSTANT_CONVERSION = YES;
				CLANG_WARN_DIRECT_OBJC_ISA_USAGE = YES_ERROR;
				CLANG_WARN_EMPTY_BODY = YES;
				CLANG_WARN_ENUM_CONVERSION = YES;
				CLANG_WARN_INT_CONVERSION = YES;
				CLANG_WARN_OBJC_ROOT_CLASS = YES_ERROR;
				CLANG_WARN_UNREACHABLE_CODE = YES;
				CLANG_WARN__DUPLICATE_METHOD_MATCH = YES;
				"CODE_SIGN_IDENTITY[sdk=iphoneos*]" = "iPhone Developer";
				COPY_PHASE_STRIP = NO;
				DEBUG_INFORMATION_FORMAT = "dwarf-with-dsym";
				ENABLE_STRICT_OBJC_MSGSEND = YES;
				GCC_C_LANGUAGE_STANDARD = gnu99;
				GCC_DYNAMIC_NO_PIC = NO;
				GCC_NO_COMMON_BLOCKS = YES;
				GCC_OPTIMIZATION_LEVEL = 0;
				GCC_PREPROCESSOR_DEFINITIONS = (
					"DEBUG=1",
					"$(inherited)",
				);
				GCC_SYMBOLS_PRIVATE_EXTERN = NO;
				GCC_WARN_64_TO_32_BIT_CONVERSION = YES;
				GCC_WARN_ABOUT_RETURN_TYPE = YES_ERROR;
				GCC_WARN_UNDECLARED_SELECTOR = YES;
				GCC_WARN_UNINITIALIZED_AUTOS = YES_AGGRESSIVE;
				GCC_WARN_UNUSED_FUNCTION = YES;
				GCC_WARN_UNUSED_VARIABLE = YES;
				IPHONEOS_DEPLOYMENT_TARGET = 8.4;
				MTL_ENABLE_DEBUG_INFO = YES;
				ONLY_ACTIVE_ARCH = YES;
				SDKROOT = iphoneos;
				TARGETED_DEVICE_FAMILY = "1,2";
			};
			name = Debug;
		};
		11A33C261B4C75A100DA0108 /* Release */ = {
			isa = XCBuildConfiguration;
			buildSettings = {
				ALWAYS_SEARCH_USER_PATHS = NO;
				CLANG_CXX_LANGUAGE_STANDARD = "gnu++0x";
				CLANG_CXX_LIBRARY = "libc++";
				CLANG_ENABLE_MODULES = YES;
				CLANG_ENABLE_OBJC_ARC = YES;
				CLANG_WARN_BOOL_CONVERSION = YES;
				CLANG_WARN_CONSTANT_CONVERSION = YES;
				CLANG_WARN_DIRECT_OBJC_ISA_USAGE = YES_ERROR;
				CLANG_WARN_EMPTY_BODY = YES;
				CLANG_WARN_ENUM_CONVERSION = YES;
				CLANG_WARN_INT_CONVERSION = YES;
				CLANG_WARN_OBJC_ROOT_CLASS = YES_ERROR;
				CLANG_WARN_UNREACHABLE_CODE = YES;
				CLANG_WARN__DUPLICATE_METHOD_MATCH = YES;
				"CODE_SIGN_IDENTITY[sdk=iphoneos*]" = "iPhone Developer";
				COPY_PHASE_STRIP = NO;
				DEBUG_INFORMATION_FORMAT = "dwarf-with-dsym";
				ENABLE_NS_ASSERTIONS = NO;
				ENABLE_STRICT_OBJC_MSGSEND = YES;
				GCC_C_LANGUAGE_STANDARD = gnu99;
				GCC_NO_COMMON_BLOCKS = YES;
				GCC_WARN_64_TO_32_BIT_CONVERSION = YES;
				GCC_WARN_ABOUT_RETURN_TYPE = YES_ERROR;
				GCC_WARN_UNDECLARED_SELECTOR = YES;
				GCC_WARN_UNINITIALIZED_AUTOS = YES_AGGRESSIVE;
				GCC_WARN_UNUSED_FUNCTION = YES;
				GCC_WARN_UNUSED_VARIABLE = YES;
				IPHONEOS_DEPLOYMENT_TARGET = 8.4;
				MTL_ENABLE_DEBUG_INFO = NO;
				SDKROOT = iphoneos;
				TARGETED_DEVICE_FAMILY = "1,2";
				VALIDATE_PRODUCT = YES;
			};
			name = Release;
		};
		11A33C281B4C75A100DA0108 /* Debug */ = {
			isa = XCBuildConfiguration;
			buildSettings = {
				ASSETCATALOG_COMPILER_APPICON_NAME = AppIcon;
				INFOPLIST_FILE = jody/Info.plist;
				LD_RUNPATH_SEARCH_PATHS = "$(inherited) @executable_path/Frameworks";
				PRODUCT_NAME = "$(TARGET_NAME)";
			};
			name = Debug;
		};
		11A33C291B4C75A100DA0108 /* Release */ = {
			isa = XCBuildConfiguration;
			buildSettings = {
				ASSETCATALOG_COMPILER_APPICON_NAME = AppIcon;
				INFOPLIST_FILE = jody/Info.plist;
				LD_RUNPATH_SEARCH_PATHS = "$(inherited) @executable_path/Frameworks";
				PRODUCT_NAME = "$(TARGET_NAME)";
			};
			name = Release;
		};
		11A33C2B1B4C75A100DA0108 /* Debug */ = {
			isa = XCBuildConfiguration;
			buildSettings = {
				BUNDLE_LOADER = "$(TEST_HOST)";
				FRAMEWORK_SEARCH_PATHS = (
					"$(SDKROOT)/Developer/Library/Frameworks",
					"$(inherited)",
				);
				GCC_PREPROCESSOR_DEFINITIONS = (
					"DEBUG=1",
					"$(inherited)",
				);
				INFOPLIST_FILE = jodyTests/Info.plist;
				LD_RUNPATH_SEARCH_PATHS = "$(inherited) @executable_path/Frameworks @loader_path/Frameworks";
				PRODUCT_NAME = "$(TARGET_NAME)";
				TEST_HOST = "$(BUILT_PRODUCTS_DIR)/jody.app/jody";
			};
			name = Debug;
		};
		11A33C2C1B4C75A100DA0108 /* Release */ = {
			isa = XCBuildConfiguration;
			buildSettings = {
				BUNDLE_LOADER = "$(TEST_HOST)";
				FRAMEWORK_SEARCH_PATHS = (
					"$(SDKROOT)/Developer/Library/Frameworks",
					"$(inherited)",
				);
				INFOPLIST_FILE = jodyTests/Info.plist;
				LD_RUNPATH_SEARCH_PATHS = "$(inherited) @executable_path/Frameworks @loader_path/Frameworks";
				PRODUCT_NAME = "$(TARGET_NAME)";
				TEST_HOST = "$(BUILT_PRODUCTS_DIR)/jody.app/jody";
			};
			name = Release;
		};
/* End XCBuildConfiguration section */

/* Begin XCConfigurationList section */
		11A33BFF1B4C75A000DA0108 /* Build configuration list for PBXProject "jody" */ = {
			isa = XCConfigurationList;
			buildConfigurations = (
				11A33C251B4C75A100DA0108 /* Debug */,
				11A33C261B4C75A100DA0108 /* Release */,
			);
			defaultConfigurationIsVisible = 0;
			defaultConfigurationName = Release;
		};
		11A33C271B4C75A100DA0108 /* Build configuration list for PBXNativeTarget "jody" */ = {
			isa = XCConfigurationList;
			buildConfigurations = (
				11A33C281B4C75A100DA0108 /* Debug */,
				11A33C291B4C75A100DA0108 /* Release */,
			);
			defaultConfigurationIsVisible = 0;
		};
		11A33C2A1B4C75A100DA0108 /* Build configuration list for PBXNativeTarget "jodyTests" */ = {
			isa = XCConfigurationList;
			buildConfigurations = (
				11A33C2B1B4C75A100DA0108 /* Debug */,
				11A33C2C1B4C75A100DA0108 /* Release */,
			);
			defaultConfigurationIsVisible = 0;
		};
/* End XCConfigurationList section */
	};
	rootObject = 11A33BFC1B4C75A000DA0108 /* Project object */;
}
