// !$*UTF8*$!
{
	archiveVersion = 1;
	classes = {
	};
	objectVersion = 46;
	objects = {

/* Begin PBXBuildFile section */
		1146C2831B85FCEB00B3872B /* FontManager.m in Sources */ = {isa = PBXBuildFile; fileRef = 1146C2821B85FCEB00B3872B /* FontManager.m */; };
		115597D51B59832A00D1A42C /* colorWheelSmall@2x.png in Resources */ = {isa = PBXBuildFile; fileRef = 115597D41B59832A00D1A42C /* colorWheelSmall@2x.png */; };
		115597D91B59918B00D1A42C /* RSSManager.m in Sources */ = {isa = PBXBuildFile; fileRef = 115597D81B59918B00D1A42C /* RSSManager.m */; };
		116EAACC1B62D37900C7511E /* newspaperCircle.png in Resources */ = {isa = PBXBuildFile; fileRef = 116EAACB1B62D37900C7511E /* newspaperCircle.png */; };
		116EAAD11B630DE700C7511E /* BackgroundGenerator.m in Sources */ = {isa = PBXBuildFile; fileRef = 116EAAD01B630DE700C7511E /* BackgroundGenerator.m */; };
		11A33C0A1B4C75A000DA0108 /* main.m in Sources */ = {isa = PBXBuildFile; fileRef = 11A33C091B4C75A000DA0108 /* main.m */; };
		11A33C0D1B4C75A000DA0108 /* AppDelegate.m in Sources */ = {isa = PBXBuildFile; fileRef = 11A33C0C1B4C75A000DA0108 /* AppDelegate.m */; };
		11A33C151B4C75A000DA0108 /* Images.xcassets in Resources */ = {isa = PBXBuildFile; fileRef = 11A33C141B4C75A000DA0108 /* Images.xcassets */; };
		11A33C181B4C75A000DA0108 /* LaunchScreen.xib in Resources */ = {isa = PBXBuildFile; fileRef = 11A33C161B4C75A000DA0108 /* LaunchScreen.xib */; };
		11A33C241B4C75A100DA0108 /* jodyTests.m in Sources */ = {isa = PBXBuildFile; fileRef = 11A33C231B4C75A100DA0108 /* jodyTests.m */; };
		11A33C321B4C75DE00DA0108 /* ColorWheelView.m in Sources */ = {isa = PBXBuildFile; fileRef = 11A33C2F1B4C75DE00DA0108 /* ColorWheelView.m */; };
		11A33C331B4C75DE00DA0108 /* MainViewController.m in Sources */ = {isa = PBXBuildFile; fileRef = 11A33C311B4C75DE00DA0108 /* MainViewController.m */; };
		11A33C391B4C761500DA0108 /* HeadlinesView.m in Sources */ = {isa = PBXBuildFile; fileRef = 11A33C361B4C761500DA0108 /* HeadlinesView.m */; };
		11A33C811B4C7A5600DA0108 /* CFNetwork.framework in Frameworks */ = {isa = PBXBuildFile; fileRef = 11A33C801B4C7A5600DA0108 /* CFNetwork.framework */; };
		11A33C831B4C7A6900DA0108 /* SystemConfiguration.framework in Frameworks */ = {isa = PBXBuildFile; fileRef = 11A33C821B4C7A6900DA0108 /* SystemConfiguration.framework */; };
		11A33C851B4C7A7F00DA0108 /* MobileCoreServices.framework in Frameworks */ = {isa = PBXBuildFile; fileRef = 11A33C841B4C7A7F00DA0108 /* MobileCoreServices.framework */; };
		11A33CA21B4C856F00DA0108 /* AFHTTPRequestOperation.m in Sources */ = {isa = PBXBuildFile; fileRef = 11A33C901B4C856F00DA0108 /* AFHTTPRequestOperation.m */; };
		11A33CA31B4C856F00DA0108 /* AFHTTPRequestOperationManager.m in Sources */ = {isa = PBXBuildFile; fileRef = 11A33C921B4C856F00DA0108 /* AFHTTPRequestOperationManager.m */; };
		11A33CA41B4C856F00DA0108 /* AFHTTPSessionManager.m in Sources */ = {isa = PBXBuildFile; fileRef = 11A33C941B4C856F00DA0108 /* AFHTTPSessionManager.m */; };
		11A33CA51B4C856F00DA0108 /* AFNetworkReachabilityManager.m in Sources */ = {isa = PBXBuildFile; fileRef = 11A33C971B4C856F00DA0108 /* AFNetworkReachabilityManager.m */; };
		11A33CA61B4C856F00DA0108 /* AFSecurityPolicy.m in Sources */ = {isa = PBXBuildFile; fileRef = 11A33C991B4C856F00DA0108 /* AFSecurityPolicy.m */; };
		11A33CA71B4C856F00DA0108 /* AFURLConnectionOperation.m in Sources */ = {isa = PBXBuildFile; fileRef = 11A33C9B1B4C856F00DA0108 /* AFURLConnectionOperation.m */; };
		11A33CA81B4C856F00DA0108 /* AFURLRequestSerialization.m in Sources */ = {isa = PBXBuildFile; fileRef = 11A33C9D1B4C856F00DA0108 /* AFURLRequestSerialization.m */; };
		11A33CA91B4C856F00DA0108 /* AFURLResponseSerialization.m in Sources */ = {isa = PBXBuildFile; fileRef = 11A33C9F1B4C856F00DA0108 /* AFURLResponseSerialization.m */; };
		11A33CAA1B4C856F00DA0108 /* AFURLSessionManager.m in Sources */ = {isa = PBXBuildFile; fileRef = 11A33CA11B4C856F00DA0108 /* AFURLSessionManager.m */; };
		11A33CBC1B4C858D00DA0108 /* AFNetworkActivityIndicatorManager.m in Sources */ = {isa = PBXBuildFile; fileRef = 11A33CAC1B4C858D00DA0108 /* AFNetworkActivityIndicatorManager.m */; };
		11A33CBD1B4C858D00DA0108 /* UIActivityIndicatorView+AFNetworking.m in Sources */ = {isa = PBXBuildFile; fileRef = 11A33CAE1B4C858D00DA0108 /* UIActivityIndicatorView+AFNetworking.m */; };
		11A33CBE1B4C858D00DA0108 /* UIAlertView+AFNetworking.m in Sources */ = {isa = PBXBuildFile; fileRef = 11A33CB01B4C858D00DA0108 /* UIAlertView+AFNetworking.m */; };
		11A33CBF1B4C858D00DA0108 /* UIButton+AFNetworking.m in Sources */ = {isa = PBXBuildFile; fileRef = 11A33CB21B4C858D00DA0108 /* UIButton+AFNetworking.m */; };
		11A33CC01B4C858D00DA0108 /* UIImageView+AFNetworking.m in Sources */ = {isa = PBXBuildFile; fileRef = 11A33CB41B4C858D00DA0108 /* UIImageView+AFNetworking.m */; };
		11A33CC11B4C858D00DA0108 /* UIProgressView+AFNetworking.m in Sources */ = {isa = PBXBuildFile; fileRef = 11A33CB71B4C858D00DA0108 /* UIProgressView+AFNetworking.m */; };
		11A33CC21B4C858D00DA0108 /* UIRefreshControl+AFNetworking.m in Sources */ = {isa = PBXBuildFile; fileRef = 11A33CB91B4C858D00DA0108 /* UIRefreshControl+AFNetworking.m */; };
		11A33CC31B4C858D00DA0108 /* UIWebView+AFNetworking.m in Sources */ = {isa = PBXBuildFile; fileRef = 11A33CBB1B4C858D00DA0108 /* UIWebView+AFNetworking.m */; };
		11B49FF01B72CEE600823DB1 /* InfoViewController.m in Sources */ = {isa = PBXBuildFile; fileRef = 11B49FEF1B72CEE600823DB1 /* InfoViewController.m */; };
		11B49FF61B72DBEF00823DB1 /* StartViewController.m in Sources */ = {isa = PBXBuildFile; fileRef = 11B49FF51B72DBEF00823DB1 /* StartViewController.m */; };
		11B49FFB1B72E1AB00823DB1 /* Main.storyboard in Resources */ = {isa = PBXBuildFile; fileRef = 11B49FF91B72E1AB00823DB1 /* Main.storyboard */; };
		11B4A03B1B78D00700823DB1 /* Parse.framework in Frameworks */ = {isa = PBXBuildFile; fileRef = 11B4A03A1B78D00700823DB1 /* Parse.framework */; };
		11B4A03D1B78D01000823DB1 /* Bolts.framework in Frameworks */ = {isa = PBXBuildFile; fileRef = 11B4A03C1B78D01000823DB1 /* Bolts.framework */; };
		11B4A0451B78D08900823DB1 /* AudioToolbox.framework in Frameworks */ = {isa = PBXBuildFile; fileRef = 11B4A03E1B78D08900823DB1 /* AudioToolbox.framework */; };
		11B4A0461B78D08900823DB1 /* CoreGraphics.framework in Frameworks */ = {isa = PBXBuildFile; fileRef = 11B4A03F1B78D08900823DB1 /* CoreGraphics.framework */; };
		11B4A0471B78D08900823DB1 /* CoreLocation.framework in Frameworks */ = {isa = PBXBuildFile; fileRef = 11B4A0401B78D08900823DB1 /* CoreLocation.framework */; };
		11B4A0481B78D08900823DB1 /* libsqlite3.dylib in Frameworks */ = {isa = PBXBuildFile; fileRef = 11B4A0411B78D08900823DB1 /* libsqlite3.dylib */; };
		11B4A0491B78D08900823DB1 /* QuartzCore.framework in Frameworks */ = {isa = PBXBuildFile; fileRef = 11B4A0421B78D08900823DB1 /* QuartzCore.framework */; };
		11B4A04B1B78D08900823DB1 /* StoreKit.framework in Frameworks */ = {isa = PBXBuildFile; fileRef = 11B4A0441B78D08900823DB1 /* StoreKit.framework */; };
		11B4A04E1B78D0CE00823DB1 /* Security.framework in Frameworks */ = {isa = PBXBuildFile; fileRef = 11B4A04D1B78D0CE00823DB1 /* Security.framework */; };
		11B4A0511B78DD5B00823DB1 /* frontPage.m in Sources */ = {isa = PBXBuildFile; fileRef = 11B4A0501B78DD5B00823DB1 /* frontPage.m */; };
		11B4A0581B78EE7E00823DB1 /* SourceManager.m in Sources */ = {isa = PBXBuildFile; fileRef = 11B4A0571B78EE7E00823DB1 /* SourceManager.m */; };
		11B4A05E1B79055600823DB1 /* NWSource.m in Sources */ = {isa = PBXBuildFile; fileRef = 11B4A05D1B79055600823DB1 /* NWSource.m */; };
		11B4A0621B791D1400823DB1 /* constants.m in Sources */ = {isa = PBXBuildFile; fileRef = 11B4A0611B791D1400823DB1 /* constants.m */; };
		11B4A06B1B796C7900823DB1 /* UIImage+crop.m in Sources */ = {isa = PBXBuildFile; fileRef = 11B4A06A1B796C7900823DB1 /* UIImage+crop.m */; };
		11DF367D1B7E1D630096EE35 /* ChainView.m in Sources */ = {isa = PBXBuildFile; fileRef = 11DF367C1B7E1D630096EE35 /* ChainView.m */; };
		11DF37351B7F6BF60096EE35 /* PositionManager.m in Sources */ = {isa = PBXBuildFile; fileRef = 11DF37341B7F6BF60096EE35 /* PositionManager.m */; };
		11E6558D1B89F668008C8050 /* splashScreen.png in Resources */ = {isa = PBXBuildFile; fileRef = 11E6558C1B89F668008C8050 /* splashScreen.png */; };
		11F1A83B1B4D6DD600BDD73B /* libxml2.dylib in Frameworks */ = {isa = PBXBuildFile; fileRef = 11F1A83A1B4D6DD600BDD73B /* libxml2.dylib */; };
		11F1A8451B4D7D3300BDD73B /* libz.dylib in Frameworks */ = {isa = PBXBuildFile; fileRef = 11F1A8441B4D7D3300BDD73B /* libz.dylib */; };
/* End PBXBuildFile section */

/* Begin PBXContainerItemProxy section */
		11A33C1E1B4C75A100DA0108 /* PBXContainerItemProxy */ = {
			isa = PBXContainerItemProxy;
			containerPortal = 11A33BFC1B4C75A000DA0108 /* Project object */;
			proxyType = 1;
			remoteGlobalIDString = 11A33C031B4C75A000DA0108;
			remoteInfo = jody;
		};
/* End PBXContainerItemProxy section */

/* Begin PBXFileReference section */
		1146C2811B85FCEB00B3872B /* FontManager.h */ = {isa = PBXFileReference; fileEncoding = 4; lastKnownFileType = sourcecode.c.h; path = FontManager.h; sourceTree = "<group>"; };
		1146C2821B85FCEB00B3872B /* FontManager.m */ = {isa = PBXFileReference; fileEncoding = 4; lastKnownFileType = sourcecode.c.objc; path = FontManager.m; sourceTree = "<group>"; };
		115597D41B59832A00D1A42C /* colorWheelSmall@2x.png */ = {isa = PBXFileReference; lastKnownFileType = image.png; path = "colorWheelSmall@2x.png"; sourceTree = "<group>"; };
		115597D71B59918B00D1A42C /* RSSManager.h */ = {isa = PBXFileReference; fileEncoding = 4; lastKnownFileType = sourcecode.c.h; path = RSSManager.h; sourceTree = "<group>"; };
		115597D81B59918B00D1A42C /* RSSManager.m */ = {isa = PBXFileReference; fileEncoding = 4; lastKnownFileType = sourcecode.c.objc; path = RSSManager.m; sourceTree = "<group>"; };
		116EAACB1B62D37900C7511E /* newspaperCircle.png */ = {isa = PBXFileReference; lastKnownFileType = image.png; path = newspaperCircle.png; sourceTree = "<group>"; };
		116EAACF1B630DE700C7511E /* BackgroundGenerator.h */ = {isa = PBXFileReference; fileEncoding = 4; lastKnownFileType = sourcecode.c.h; path = BackgroundGenerator.h; sourceTree = "<group>"; };
		116EAAD01B630DE700C7511E /* BackgroundGenerator.m */ = {isa = PBXFileReference; fileEncoding = 4; lastKnownFileType = sourcecode.c.objc; path = BackgroundGenerator.m; sourceTree = "<group>"; };
		11A33C041B4C75A000DA0108 /* jody.app */ = {isa = PBXFileReference; explicitFileType = wrapper.application; includeInIndex = 0; path = jody.app; sourceTree = BUILT_PRODUCTS_DIR; };
		11A33C081B4C75A000DA0108 /* Info.plist */ = {isa = PBXFileReference; lastKnownFileType = text.plist.xml; path = Info.plist; sourceTree = "<group>"; };
		11A33C091B4C75A000DA0108 /* main.m */ = {isa = PBXFileReference; lastKnownFileType = sourcecode.c.objc; path = main.m; sourceTree = "<group>"; };
		11A33C0B1B4C75A000DA0108 /* AppDelegate.h */ = {isa = PBXFileReference; lastKnownFileType = sourcecode.c.h; path = AppDelegate.h; sourceTree = "<group>"; };
		11A33C0C1B4C75A000DA0108 /* AppDelegate.m */ = {isa = PBXFileReference; lastKnownFileType = sourcecode.c.objc; path = AppDelegate.m; sourceTree = "<group>"; };
		11A33C141B4C75A000DA0108 /* Images.xcassets */ = {isa = PBXFileReference; lastKnownFileType = folder.assetcatalog; path = Images.xcassets; sourceTree = "<group>"; };
		11A33C171B4C75A000DA0108 /* Base */ = {isa = PBXFileReference; lastKnownFileType = file.xib; name = Base; path = Base.lproj/LaunchScreen.xib; sourceTree = "<group>"; };
		11A33C1D1B4C75A100DA0108 /* jodyTests.xctest */ = {isa = PBXFileReference; explicitFileType = wrapper.cfbundle; includeInIndex = 0; path = jodyTests.xctest; sourceTree = BUILT_PRODUCTS_DIR; };
		11A33C221B4C75A100DA0108 /* Info.plist */ = {isa = PBXFileReference; lastKnownFileType = text.plist.xml; path = Info.plist; sourceTree = "<group>"; };
		11A33C231B4C75A100DA0108 /* jodyTests.m */ = {isa = PBXFileReference; lastKnownFileType = sourcecode.c.objc; path = jodyTests.m; sourceTree = "<group>"; };
		11A33C2E1B4C75DE00DA0108 /* ColorWheelView.h */ = {isa = PBXFileReference; fileEncoding = 4; lastKnownFileType = sourcecode.c.h; path = ColorWheelView.h; sourceTree = "<group>"; };
		11A33C2F1B4C75DE00DA0108 /* ColorWheelView.m */ = {isa = PBXFileReference; fileEncoding = 4; lastKnownFileType = sourcecode.c.objc; path = ColorWheelView.m; sourceTree = "<group>"; };
		11A33C301B4C75DE00DA0108 /* MainViewController.h */ = {isa = PBXFileReference; fileEncoding = 4; lastKnownFileType = sourcecode.c.h; path = MainViewController.h; sourceTree = "<group>"; };
		11A33C311B4C75DE00DA0108 /* MainViewController.m */ = {isa = PBXFileReference; fileEncoding = 4; lastKnownFileType = sourcecode.c.objc; path = MainViewController.m; sourceTree = "<group>"; };
		11A33C351B4C761500DA0108 /* HeadlinesView.h */ = {isa = PBXFileReference; fileEncoding = 4; lastKnownFileType = sourcecode.c.h; path = HeadlinesView.h; sourceTree = "<group>"; };
		11A33C361B4C761500DA0108 /* HeadlinesView.m */ = {isa = PBXFileReference; fileEncoding = 4; lastKnownFileType = sourcecode.c.objc; path = HeadlinesView.m; sourceTree = "<group>"; };
		11A33C801B4C7A5600DA0108 /* CFNetwork.framework */ = {isa = PBXFileReference; lastKnownFileType = wrapper.framework; name = CFNetwork.framework; path = System/Library/Frameworks/CFNetwork.framework; sourceTree = SDKROOT; };
		11A33C821B4C7A6900DA0108 /* SystemConfiguration.framework */ = {isa = PBXFileReference; lastKnownFileType = wrapper.framework; name = SystemConfiguration.framework; path = System/Library/Frameworks/SystemConfiguration.framework; sourceTree = SDKROOT; };
		11A33C841B4C7A7F00DA0108 /* MobileCoreServices.framework */ = {isa = PBXFileReference; lastKnownFileType = wrapper.framework; name = MobileCoreServices.framework; path = System/Library/Frameworks/MobileCoreServices.framework; sourceTree = SDKROOT; };
		11A33C8F1B4C856F00DA0108 /* AFHTTPRequestOperation.h */ = {isa = PBXFileReference; fileEncoding = 4; lastKnownFileType = sourcecode.c.h; path = AFHTTPRequestOperation.h; sourceTree = "<group>"; };
		11A33C901B4C856F00DA0108 /* AFHTTPRequestOperation.m */ = {isa = PBXFileReference; fileEncoding = 4; lastKnownFileType = sourcecode.c.objc; path = AFHTTPRequestOperation.m; sourceTree = "<group>"; };
		11A33C911B4C856F00DA0108 /* AFHTTPRequestOperationManager.h */ = {isa = PBXFileReference; fileEncoding = 4; lastKnownFileType = sourcecode.c.h; path = AFHTTPRequestOperationManager.h; sourceTree = "<group>"; };
		11A33C921B4C856F00DA0108 /* AFHTTPRequestOperationManager.m */ = {isa = PBXFileReference; fileEncoding = 4; lastKnownFileType = sourcecode.c.objc; path = AFHTTPRequestOperationManager.m; sourceTree = "<group>"; };
		11A33C931B4C856F00DA0108 /* AFHTTPSessionManager.h */ = {isa = PBXFileReference; fileEncoding = 4; lastKnownFileType = sourcecode.c.h; path = AFHTTPSessionManager.h; sourceTree = "<group>"; };
		11A33C941B4C856F00DA0108 /* AFHTTPSessionManager.m */ = {isa = PBXFileReference; fileEncoding = 4; lastKnownFileType = sourcecode.c.objc; path = AFHTTPSessionManager.m; sourceTree = "<group>"; };
		11A33C951B4C856F00DA0108 /* AFNetworking.h */ = {isa = PBXFileReference; fileEncoding = 4; lastKnownFileType = sourcecode.c.h; path = AFNetworking.h; sourceTree = "<group>"; };
		11A33C961B4C856F00DA0108 /* AFNetworkReachabilityManager.h */ = {isa = PBXFileReference; fileEncoding = 4; lastKnownFileType = sourcecode.c.h; path = AFNetworkReachabilityManager.h; sourceTree = "<group>"; };
		11A33C971B4C856F00DA0108 /* AFNetworkReachabilityManager.m */ = {isa = PBXFileReference; fileEncoding = 4; lastKnownFileType = sourcecode.c.objc; path = AFNetworkReachabilityManager.m; sourceTree = "<group>"; };
		11A33C981B4C856F00DA0108 /* AFSecurityPolicy.h */ = {isa = PBXFileReference; fileEncoding = 4; lastKnownFileType = sourcecode.c.h; path = AFSecurityPolicy.h; sourceTree = "<group>"; };
		11A33C991B4C856F00DA0108 /* AFSecurityPolicy.m */ = {isa = PBXFileReference; fileEncoding = 4; lastKnownFileType = sourcecode.c.objc; path = AFSecurityPolicy.m; sourceTree = "<group>"; };
		11A33C9A1B4C856F00DA0108 /* AFURLConnectionOperation.h */ = {isa = PBXFileReference; fileEncoding = 4; lastKnownFileType = sourcecode.c.h; path = AFURLConnectionOperation.h; sourceTree = "<group>"; };
		11A33C9B1B4C856F00DA0108 /* AFURLConnectionOperation.m */ = {isa = PBXFileReference; fileEncoding = 4; lastKnownFileType = sourcecode.c.objc; path = AFURLConnectionOperation.m; sourceTree = "<group>"; };
		11A33C9C1B4C856F00DA0108 /* AFURLRequestSerialization.h */ = {isa = PBXFileReference; fileEncoding = 4; lastKnownFileType = sourcecode.c.h; path = AFURLRequestSerialization.h; sourceTree = "<group>"; };
		11A33C9D1B4C856F00DA0108 /* AFURLRequestSerialization.m */ = {isa = PBXFileReference; fileEncoding = 4; lastKnownFileType = sourcecode.c.objc; path = AFURLRequestSerialization.m; sourceTree = "<group>"; };
		11A33C9E1B4C856F00DA0108 /* AFURLResponseSerialization.h */ = {isa = PBXFileReference; fileEncoding = 4; lastKnownFileType = sourcecode.c.h; path = AFURLResponseSerialization.h; sourceTree = "<group>"; };
		11A33C9F1B4C856F00DA0108 /* AFURLResponseSerialization.m */ = {isa = PBXFileReference; fileEncoding = 4; lastKnownFileType = sourcecode.c.objc; path = AFURLResponseSerialization.m; sourceTree = "<group>"; };
		11A33CA01B4C856F00DA0108 /* AFURLSessionManager.h */ = {isa = PBXFileReference; fileEncoding = 4; lastKnownFileType = sourcecode.c.h; path = AFURLSessionManager.h; sourceTree = "<group>"; };
		11A33CA11B4C856F00DA0108 /* AFURLSessionManager.m */ = {isa = PBXFileReference; fileEncoding = 4; lastKnownFileType = sourcecode.c.objc; path = AFURLSessionManager.m; sourceTree = "<group>"; };
		11A33CAB1B4C858D00DA0108 /* AFNetworkActivityIndicatorManager.h */ = {isa = PBXFileReference; fileEncoding = 4; lastKnownFileType = sourcecode.c.h; path = AFNetworkActivityIndicatorManager.h; sourceTree = "<group>"; };
		11A33CAC1B4C858D00DA0108 /* AFNetworkActivityIndicatorManager.m */ = {isa = PBXFileReference; fileEncoding = 4; lastKnownFileType = sourcecode.c.objc; path = AFNetworkActivityIndicatorManager.m; sourceTree = "<group>"; };
		11A33CAD1B4C858D00DA0108 /* UIActivityIndicatorView+AFNetworking.h */ = {isa = PBXFileReference; fileEncoding = 4; lastKnownFileType = sourcecode.c.h; path = "UIActivityIndicatorView+AFNetworking.h"; sourceTree = "<group>"; };
		11A33CAE1B4C858D00DA0108 /* UIActivityIndicatorView+AFNetworking.m */ = {isa = PBXFileReference; fileEncoding = 4; lastKnownFileType = sourcecode.c.objc; path = "UIActivityIndicatorView+AFNetworking.m"; sourceTree = "<group>"; };
		11A33CAF1B4C858D00DA0108 /* UIAlertView+AFNetworking.h */ = {isa = PBXFileReference; fileEncoding = 4; lastKnownFileType = sourcecode.c.h; path = "UIAlertView+AFNetworking.h"; sourceTree = "<group>"; };
		11A33CB01B4C858D00DA0108 /* UIAlertView+AFNetworking.m */ = {isa = PBXFileReference; fileEncoding = 4; lastKnownFileType = sourcecode.c.objc; path = "UIAlertView+AFNetworking.m"; sourceTree = "<group>"; };
		11A33CB11B4C858D00DA0108 /* UIButton+AFNetworking.h */ = {isa = PBXFileReference; fileEncoding = 4; lastKnownFileType = sourcecode.c.h; path = "UIButton+AFNetworking.h"; sourceTree = "<group>"; };
		11A33CB21B4C858D00DA0108 /* UIButton+AFNetworking.m */ = {isa = PBXFileReference; fileEncoding = 4; lastKnownFileType = sourcecode.c.objc; path = "UIButton+AFNetworking.m"; sourceTree = "<group>"; };
		11A33CB31B4C858D00DA0108 /* UIImageView+AFNetworking.h */ = {isa = PBXFileReference; fileEncoding = 4; lastKnownFileType = sourcecode.c.h; path = "UIImageView+AFNetworking.h"; sourceTree = "<group>"; };
		11A33CB41B4C858D00DA0108 /* UIImageView+AFNetworking.m */ = {isa = PBXFileReference; fileEncoding = 4; lastKnownFileType = sourcecode.c.objc; path = "UIImageView+AFNetworking.m"; sourceTree = "<group>"; };
		11A33CB51B4C858D00DA0108 /* UIKit+AFNetworking.h */ = {isa = PBXFileReference; fileEncoding = 4; lastKnownFileType = sourcecode.c.h; path = "UIKit+AFNetworking.h"; sourceTree = "<group>"; };
		11A33CB61B4C858D00DA0108 /* UIProgressView+AFNetworking.h */ = {isa = PBXFileReference; fileEncoding = 4; lastKnownFileType = sourcecode.c.h; path = "UIProgressView+AFNetworking.h"; sourceTree = "<group>"; };
		11A33CB71B4C858D00DA0108 /* UIProgressView+AFNetworking.m */ = {isa = PBXFileReference; fileEncoding = 4; lastKnownFileType = sourcecode.c.objc; path = "UIProgressView+AFNetworking.m"; sourceTree = "<group>"; };
		11A33CB81B4C858D00DA0108 /* UIRefreshControl+AFNetworking.h */ = {isa = PBXFileReference; fileEncoding = 4; lastKnownFileType = sourcecode.c.h; path = "UIRefreshControl+AFNetworking.h"; sourceTree = "<group>"; };
		11A33CB91B4C858D00DA0108 /* UIRefreshControl+AFNetworking.m */ = {isa = PBXFileReference; fileEncoding = 4; lastKnownFileType = sourcecode.c.objc; path = "UIRefreshControl+AFNetworking.m"; sourceTree = "<group>"; };
		11A33CBA1B4C858D00DA0108 /* UIWebView+AFNetworking.h */ = {isa = PBXFileReference; fileEncoding = 4; lastKnownFileType = sourcecode.c.h; path = "UIWebView+AFNetworking.h"; sourceTree = "<group>"; };
		11A33CBB1B4C858D00DA0108 /* UIWebView+AFNetworking.m */ = {isa = PBXFileReference; fileEncoding = 4; lastKnownFileType = sourcecode.c.objc; path = "UIWebView+AFNetworking.m"; sourceTree = "<group>"; };
		11B49FEE1B72CEE600823DB1 /* InfoViewController.h */ = {isa = PBXFileReference; fileEncoding = 4; lastKnownFileType = sourcecode.c.h; path = InfoViewController.h; sourceTree = "<group>"; };
		11B49FEF1B72CEE600823DB1 /* InfoViewController.m */ = {isa = PBXFileReference; fileEncoding = 4; lastKnownFileType = sourcecode.c.objc; path = InfoViewController.m; sourceTree = "<group>"; };
		11B49FF41B72DBEF00823DB1 /* StartViewController.h */ = {isa = PBXFileReference; fileEncoding = 4; lastKnownFileType = sourcecode.c.h; path = StartViewController.h; sourceTree = "<group>"; };
		11B49FF51B72DBEF00823DB1 /* StartViewController.m */ = {isa = PBXFileReference; fileEncoding = 4; lastKnownFileType = sourcecode.c.objc; path = StartViewController.m; sourceTree = "<group>"; };
		11B49FFA1B72E1AB00823DB1 /* Base */ = {isa = PBXFileReference; lastKnownFileType = file.storyboard; name = Base; path = jody/Base.lproj/Main.storyboard; sourceTree = "<group>"; };
		11B4A03A1B78D00700823DB1 /* Parse.framework */ = {isa = PBXFileReference; lastKnownFileType = wrapper.framework; path = Parse.framework; sourceTree = "<group>"; };
		11B4A03C1B78D01000823DB1 /* Bolts.framework */ = {isa = PBXFileReference; lastKnownFileType = wrapper.framework; path = Bolts.framework; sourceTree = "<group>"; };
		11B4A03E1B78D08900823DB1 /* AudioToolbox.framework */ = {isa = PBXFileReference; lastKnownFileType = wrapper.framework; name = AudioToolbox.framework; path = System/Library/Frameworks/AudioToolbox.framework; sourceTree = SDKROOT; };
		11B4A03F1B78D08900823DB1 /* CoreGraphics.framework */ = {isa = PBXFileReference; lastKnownFileType = wrapper.framework; name = CoreGraphics.framework; path = System/Library/Frameworks/CoreGraphics.framework; sourceTree = SDKROOT; };
		11B4A0401B78D08900823DB1 /* CoreLocation.framework */ = {isa = PBXFileReference; lastKnownFileType = wrapper.framework; name = CoreLocation.framework; path = System/Library/Frameworks/CoreLocation.framework; sourceTree = SDKROOT; };
		11B4A0411B78D08900823DB1 /* libsqlite3.dylib */ = {isa = PBXFileReference; lastKnownFileType = "compiled.mach-o.dylib"; name = libsqlite3.dylib; path = usr/lib/libsqlite3.dylib; sourceTree = SDKROOT; };
		11B4A0421B78D08900823DB1 /* QuartzCore.framework */ = {isa = PBXFileReference; lastKnownFileType = wrapper.framework; name = QuartzCore.framework; path = System/Library/Frameworks/QuartzCore.framework; sourceTree = SDKROOT; };
		11B4A0441B78D08900823DB1 /* StoreKit.framework */ = {isa = PBXFileReference; lastKnownFileType = wrapper.framework; name = StoreKit.framework; path = System/Library/Frameworks/StoreKit.framework; sourceTree = SDKROOT; };
		11B4A04D1B78D0CE00823DB1 /* Security.framework */ = {isa = PBXFileReference; lastKnownFileType = wrapper.framework; name = Security.framework; path = System/Library/Frameworks/Security.framework; sourceTree = SDKROOT; };
		11B4A04F1B78DD5B00823DB1 /* frontPage.h */ = {isa = PBXFileReference; fileEncoding = 4; lastKnownFileType = sourcecode.c.h; path = frontPage.h; sourceTree = "<group>"; };
		11B4A0501B78DD5B00823DB1 /* frontPage.m */ = {isa = PBXFileReference; fileEncoding = 4; lastKnownFileType = sourcecode.c.objc; path = frontPage.m; sourceTree = "<group>"; };
		11B4A0561B78EE7E00823DB1 /* SourceManager.h */ = {isa = PBXFileReference; fileEncoding = 4; lastKnownFileType = sourcecode.c.h; path = SourceManager.h; sourceTree = "<group>"; };
		11B4A0571B78EE7E00823DB1 /* SourceManager.m */ = {isa = PBXFileReference; fileEncoding = 4; lastKnownFileType = sourcecode.c.objc; path = SourceManager.m; sourceTree = "<group>"; };
		11B4A05C1B79055600823DB1 /* NWSource.h */ = {isa = PBXFileReference; fileEncoding = 4; lastKnownFileType = sourcecode.c.h; path = NWSource.h; sourceTree = "<group>"; };
		11B4A05D1B79055600823DB1 /* NWSource.m */ = {isa = PBXFileReference; fileEncoding = 4; lastKnownFileType = sourcecode.c.objc; path = NWSource.m; sourceTree = "<group>"; };
		11B4A0601B791CD000823DB1 /* constants.h */ = {isa = PBXFileReference; lastKnownFileType = sourcecode.c.h; path = constants.h; sourceTree = "<group>"; };
		11B4A0611B791D1400823DB1 /* constants.m */ = {isa = PBXFileReference; fileEncoding = 4; lastKnownFileType = sourcecode.c.objc; path = constants.m; sourceTree = "<group>"; };
		11B4A0691B796C7900823DB1 /* UIImage+crop.h */ = {isa = PBXFileReference; fileEncoding = 4; lastKnownFileType = sourcecode.c.h; path = "UIImage+crop.h"; sourceTree = "<group>"; };
		11B4A06A1B796C7900823DB1 /* UIImage+crop.m */ = {isa = PBXFileReference; fileEncoding = 4; lastKnownFileType = sourcecode.c.objc; path = "UIImage+crop.m"; sourceTree = "<group>"; };
		11DF367B1B7E1D630096EE35 /* ChainView.h */ = {isa = PBXFileReference; fileEncoding = 4; lastKnownFileType = sourcecode.c.h; path = ChainView.h; sourceTree = "<group>"; };
		11DF367C1B7E1D630096EE35 /* ChainView.m */ = {isa = PBXFileReference; fileEncoding = 4; lastKnownFileType = sourcecode.c.objc; path = ChainView.m; sourceTree = "<group>"; };
		11DF37331B7F6BF60096EE35 /* PositionManager.h */ = {isa = PBXFileReference; fileEncoding = 4; lastKnownFileType = sourcecode.c.h; path = PositionManager.h; sourceTree = "<group>"; };
		11DF37341B7F6BF60096EE35 /* PositionManager.m */ = {isa = PBXFileReference; fileEncoding = 4; lastKnownFileType = sourcecode.c.objc; path = PositionManager.m; sourceTree = "<group>"; };
		11E6558C1B89F668008C8050 /* splashScreen.png */ = {isa = PBXFileReference; lastKnownFileType = image.png; path = splashScreen.png; sourceTree = "<group>"; };
		11F1A83A1B4D6DD600BDD73B /* libxml2.dylib */ = {isa = PBXFileReference; lastKnownFileType = "compiled.mach-o.dylib"; name = libxml2.dylib; path = usr/lib/libxml2.dylib; sourceTree = SDKROOT; };
		11F1A8441B4D7D3300BDD73B /* libz.dylib */ = {isa = PBXFileReference; lastKnownFileType = "compiled.mach-o.dylib"; name = libz.dylib; path = usr/lib/libz.dylib; sourceTree = SDKROOT; };
/* End PBXFileReference section */

/* Begin PBXFrameworksBuildPhase section */
		11A33C011B4C75A000DA0108 /* Frameworks */ = {
			isa = PBXFrameworksBuildPhase;
			buildActionMask = 2147483647;
			files = (
				11B4A04E1B78D0CE00823DB1 /* Security.framework in Frameworks */,
				11B4A0451B78D08900823DB1 /* AudioToolbox.framework in Frameworks */,
				11B4A0461B78D08900823DB1 /* CoreGraphics.framework in Frameworks */,
				11B4A0471B78D08900823DB1 /* CoreLocation.framework in Frameworks */,
				11B4A0481B78D08900823DB1 /* libsqlite3.dylib in Frameworks */,
				11B4A0491B78D08900823DB1 /* QuartzCore.framework in Frameworks */,
				11B4A04B1B78D08900823DB1 /* StoreKit.framework in Frameworks */,
				11A33C811B4C7A5600DA0108 /* CFNetwork.framework in Frameworks */,
				11F1A8451B4D7D3300BDD73B /* libz.dylib in Frameworks */,
				11F1A83B1B4D6DD600BDD73B /* libxml2.dylib in Frameworks */,
				11A33C851B4C7A7F00DA0108 /* MobileCoreServices.framework in Frameworks */,
				11A33C831B4C7A6900DA0108 /* SystemConfiguration.framework in Frameworks */,
				11B4A03B1B78D00700823DB1 /* Parse.framework in Frameworks */,
				11B4A03D1B78D01000823DB1 /* Bolts.framework in Frameworks */,
			);
			runOnlyForDeploymentPostprocessing = 0;
		};
		11A33C1A1B4C75A100DA0108 /* Frameworks */ = {
			isa = PBXFrameworksBuildPhase;
			buildActionMask = 2147483647;
			files = (
			);
			runOnlyForDeploymentPostprocessing = 0;
		};
/* End PBXFrameworksBuildPhase section */

/* Begin PBXGroup section */
		1146C2801B85FCD400B3872B /* FontManager */ = {
			isa = PBXGroup;
			children = (
				1146C2811B85FCEB00B3872B /* FontManager.h */,
				1146C2821B85FCEB00B3872B /* FontManager.m */,
			);
			name = FontManager;
			sourceTree = "<group>";
		};
		116EAACE1B630DC200C7511E /* Background */ = {
			isa = PBXGroup;
			children = (
				116EAACF1B630DE700C7511E /* BackgroundGenerator.h */,
				116EAAD01B630DE700C7511E /* BackgroundGenerator.m */,
				11B4A04F1B78DD5B00823DB1 /* frontPage.h */,
				11B4A0501B78DD5B00823DB1 /* frontPage.m */,
			);
			name = Background;
			sourceTree = "<group>";
		};
		11A33BFB1B4C75A000DA0108 = {
			isa = PBXGroup;
			children = (
				11B4A0691B796C7900823DB1 /* UIImage+crop.h */,
				11B4A06A1B796C7900823DB1 /* UIImage+crop.m */,
				11B4A04C1B78D09200823DB1 /* frameworks */,
				116EAACB1B62D37900C7511E /* newspaperCircle.png */,
				115597D41B59832A00D1A42C /* colorWheelSmall@2x.png */,
				11F1A8441B4D7D3300BDD73B /* libz.dylib */,
				11F1A83A1B4D6DD600BDD73B /* libxml2.dylib */,
				11A33C061B4C75A000DA0108 /* jody */,
				11A33C201B4C75A100DA0108 /* jodyTests */,
				11A33C051B4C75A000DA0108 /* Products */,
			);
			sourceTree = "<group>";
		};
		11A33C051B4C75A000DA0108 /* Products */ = {
			isa = PBXGroup;
			children = (
				11A33C041B4C75A000DA0108 /* jody.app */,
				11A33C1D1B4C75A100DA0108 /* jodyTests.xctest */,
			);
			name = Products;
			sourceTree = "<group>";
		};
		11A33C061B4C75A000DA0108 /* jody */ = {
			isa = PBXGroup;
			children = (
				11E6558C1B89F668008C8050 /* splashScreen.png */,
				1146C2801B85FCD400B3872B /* FontManager */,
				11B4A05F1B791CB400823DB1 /* constants */,
				11B4A0551B78EE4E00823DB1 /* Sources */,
				11B49FF91B72E1AB00823DB1 /* Main.storyboard */,
				11A33C301B4C75DE00DA0108 /* MainViewController.h */,
				11A33C311B4C75DE00DA0108 /* MainViewController.m */,
				11A33CC41B4C85EE00DA0108 /* AFNetworking */,
				116EAACE1B630DC200C7511E /* Background */,
				11A33C341B4C75F300DA0108 /* Headlines */,
				11A33C2D1B4C75B200DA0108 /* ColorWheel */,
				11B49FF11B72CEF300823DB1 /* Info */,
				11A33C0B1B4C75A000DA0108 /* AppDelegate.h */,
				11A33C0C1B4C75A000DA0108 /* AppDelegate.m */,
				11B49FF41B72DBEF00823DB1 /* StartViewController.h */,
				11B49FF51B72DBEF00823DB1 /* StartViewController.m */,
				11A33C141B4C75A000DA0108 /* Images.xcassets */,
				11A33C161B4C75A000DA0108 /* LaunchScreen.xib */,
				11A33C071B4C75A000DA0108 /* Supporting Files */,
			);
			path = jody;
			sourceTree = "<group>";
		};
		11A33C071B4C75A000DA0108 /* Supporting Files */ = {
			isa = PBXGroup;
			children = (
				11A33C081B4C75A000DA0108 /* Info.plist */,
				11A33C091B4C75A000DA0108 /* main.m */,
			);
			name = "Supporting Files";
			sourceTree = "<group>";
		};
		11A33C201B4C75A100DA0108 /* jodyTests */ = {
			isa = PBXGroup;
			children = (
				11A33C231B4C75A100DA0108 /* jodyTests.m */,
				11A33C211B4C75A100DA0108 /* Supporting Files */,
			);
			path = jodyTests;
			sourceTree = "<group>";
		};
		11A33C211B4C75A100DA0108 /* Supporting Files */ = {
			isa = PBXGroup;
			children = (
				11A33C221B4C75A100DA0108 /* Info.plist */,
			);
			name = "Supporting Files";
			sourceTree = "<group>";
		};
		11A33C2D1B4C75B200DA0108 /* ColorWheel */ = {
			isa = PBXGroup;
			children = (
				11A33C2E1B4C75DE00DA0108 /* ColorWheelView.h */,
				11A33C2F1B4C75DE00DA0108 /* ColorWheelView.m */,
			);
			name = ColorWheel;
			sourceTree = "<group>";
		};
		11A33C341B4C75F300DA0108 /* Headlines */ = {
			isa = PBXGroup;
			children = (
				11A33C351B4C761500DA0108 /* HeadlinesView.h */,
				11A33C361B4C761500DA0108 /* HeadlinesView.m */,
				115597D71B59918B00D1A42C /* RSSManager.h */,
				115597D81B59918B00D1A42C /* RSSManager.m */,
				11DF367B1B7E1D630096EE35 /* ChainView.h */,
				11DF367C1B7E1D630096EE35 /* ChainView.m */,
				11DF37331B7F6BF60096EE35 /* PositionManager.h */,
				11DF37341B7F6BF60096EE35 /* PositionManager.m */,
			);
			name = Headlines;
			sourceTree = "<group>";
		};
		11A33CC41B4C85EE00DA0108 /* AFNetworking */ = {
			isa = PBXGroup;
			children = (
				11A33CAB1B4C858D00DA0108 /* AFNetworkActivityIndicatorManager.h */,
				11A33CAC1B4C858D00DA0108 /* AFNetworkActivityIndicatorManager.m */,
				11A33CAD1B4C858D00DA0108 /* UIActivityIndicatorView+AFNetworking.h */,
				11A33CAE1B4C858D00DA0108 /* UIActivityIndicatorView+AFNetworking.m */,
				11A33CAF1B4C858D00DA0108 /* UIAlertView+AFNetworking.h */,
				11A33CB01B4C858D00DA0108 /* UIAlertView+AFNetworking.m */,
				11A33CB11B4C858D00DA0108 /* UIButton+AFNetworking.h */,
				11A33CB21B4C858D00DA0108 /* UIButton+AFNetworking.m */,
				11A33CB31B4C858D00DA0108 /* UIImageView+AFNetworking.h */,
				11A33CB41B4C858D00DA0108 /* UIImageView+AFNetworking.m */,
				11A33CB51B4C858D00DA0108 /* UIKit+AFNetworking.h */,
				11A33CB61B4C858D00DA0108 /* UIProgressView+AFNetworking.h */,
				11A33CB71B4C858D00DA0108 /* UIProgressView+AFNetworking.m */,
				11A33CB81B4C858D00DA0108 /* UIRefreshControl+AFNetworking.h */,
				11A33CB91B4C858D00DA0108 /* UIRefreshControl+AFNetworking.m */,
				11A33CBA1B4C858D00DA0108 /* UIWebView+AFNetworking.h */,
				11A33CBB1B4C858D00DA0108 /* UIWebView+AFNetworking.m */,
				11A33C8F1B4C856F00DA0108 /* AFHTTPRequestOperation.h */,
				11A33C901B4C856F00DA0108 /* AFHTTPRequestOperation.m */,
				11A33C911B4C856F00DA0108 /* AFHTTPRequestOperationManager.h */,
				11A33C921B4C856F00DA0108 /* AFHTTPRequestOperationManager.m */,
				11A33C931B4C856F00DA0108 /* AFHTTPSessionManager.h */,
				11A33C941B4C856F00DA0108 /* AFHTTPSessionManager.m */,
				11A33C951B4C856F00DA0108 /* AFNetworking.h */,
				11A33C961B4C856F00DA0108 /* AFNetworkReachabilityManager.h */,
				11A33C971B4C856F00DA0108 /* AFNetworkReachabilityManager.m */,
				11A33C981B4C856F00DA0108 /* AFSecurityPolicy.h */,
				11A33C991B4C856F00DA0108 /* AFSecurityPolicy.m */,
				11A33C9A1B4C856F00DA0108 /* AFURLConnectionOperation.h */,
				11A33C9B1B4C856F00DA0108 /* AFURLConnectionOperation.m */,
				11A33C9C1B4C856F00DA0108 /* AFURLRequestSerialization.h */,
				11A33C9D1B4C856F00DA0108 /* AFURLRequestSerialization.m */,
				11A33C9E1B4C856F00DA0108 /* AFURLResponseSerialization.h */,
				11A33C9F1B4C856F00DA0108 /* AFURLResponseSerialization.m */,
				11A33CA01B4C856F00DA0108 /* AFURLSessionManager.h */,
				11A33CA11B4C856F00DA0108 /* AFURLSessionManager.m */,
			);
			name = AFNetworking;
			sourceTree = "<group>";
		};
		11B49FF11B72CEF300823DB1 /* Info */ = {
			isa = PBXGroup;
			children = (
				11B49FEE1B72CEE600823DB1 /* InfoViewController.h */,
				11B49FEF1B72CEE600823DB1 /* InfoViewController.m */,
			);
			name = Info;
			sourceTree = "<group>";
		};
		11B4A04C1B78D09200823DB1 /* frameworks */ = {
			isa = PBXGroup;
			children = (
				11A33C801B4C7A5600DA0108 /* CFNetwork.framework */,
				11A33C821B4C7A6900DA0108 /* SystemConfiguration.framework */,
				11A33C841B4C7A7F00DA0108 /* MobileCoreServices.framework */,
				11B4A03A1B78D00700823DB1 /* Parse.framework */,
				11B4A03C1B78D01000823DB1 /* Bolts.framework */,
				11B4A04D1B78D0CE00823DB1 /* Security.framework */,
				11B4A0441B78D08900823DB1 /* StoreKit.framework */,
				11B4A0421B78D08900823DB1 /* QuartzCore.framework */,
				11B4A0411B78D08900823DB1 /* libsqlite3.dylib */,
				11B4A0401B78D08900823DB1 /* CoreLocation.framework */,
				11B4A03F1B78D08900823DB1 /* CoreGraphics.framework */,
				11B4A03E1B78D08900823DB1 /* AudioToolbox.framework */,
			);
			name = frameworks;
			sourceTree = "<group>";
		};
		11B4A0551B78EE4E00823DB1 /* Sources */ = {
			isa = PBXGroup;
			children = (
				11B4A0561B78EE7E00823DB1 /* SourceManager.h */,
				11B4A0571B78EE7E00823DB1 /* SourceManager.m */,
				11B4A05C1B79055600823DB1 /* NWSource.h */,
				11B4A05D1B79055600823DB1 /* NWSource.m */,
			);
			name = Sources;
			sourceTree = "<group>";
		};
		11B4A05F1B791CB400823DB1 /* constants */ = {
			isa = PBXGroup;
			children = (
				11B4A0601B791CD000823DB1 /* constants.h */,
				11B4A0611B791D1400823DB1 /* constants.m */,
			);
			name = constants;
			sourceTree = "<group>";
		};
/* End PBXGroup section */

/* Begin PBXNativeTarget section */
		11A33C031B4C75A000DA0108 /* jody */ = {
			isa = PBXNativeTarget;
			buildConfigurationList = 11A33C271B4C75A100DA0108 /* Build configuration list for PBXNativeTarget "jody" */;
			buildPhases = (
				11A33C001B4C75A000DA0108 /* Sources */,
				11A33C011B4C75A000DA0108 /* Frameworks */,
				11A33C021B4C75A000DA0108 /* Resources */,
			);
			buildRules = (
			);
			dependencies = (
			);
			name = jody;
			productName = jody;
			productReference = 11A33C041B4C75A000DA0108 /* jody.app */;
			productType = "com.apple.product-type.application";
		};
		11A33C1C1B4C75A100DA0108 /* jodyTests */ = {
			isa = PBXNativeTarget;
			buildConfigurationList = 11A33C2A1B4C75A100DA0108 /* Build configuration list for PBXNativeTarget "jodyTests" */;
			buildPhases = (
				11A33C191B4C75A100DA0108 /* Sources */,
				11A33C1A1B4C75A100DA0108 /* Frameworks */,
				11A33C1B1B4C75A100DA0108 /* Resources */,
			);
			buildRules = (
			);
			dependencies = (
				11A33C1F1B4C75A100DA0108 /* PBXTargetDependency */,
			);
			name = jodyTests;
			productName = jodyTests;
			productReference = 11A33C1D1B4C75A100DA0108 /* jodyTests.xctest */;
			productType = "com.apple.product-type.bundle.unit-test";
		};
/* End PBXNativeTarget section */

/* Begin PBXProject section */
		11A33BFC1B4C75A000DA0108 /* Project object */ = {
			isa = PBXProject;
			attributes = {
				LastUpgradeCheck = 0640;
				ORGANIZATIONNAME = "Z Sweedyk";
				TargetAttributes = {
					11A33C031B4C75A000DA0108 = {
						CreatedOnToolsVersion = 6.4;
					};
					11A33C1C1B4C75A100DA0108 = {
						CreatedOnToolsVersion = 6.4;
						TestTargetID = 11A33C031B4C75A000DA0108;
					};
				};
			};
			buildConfigurationList = 11A33BFF1B4C75A000DA0108 /* Build configuration list for PBXProject "jody" */;
			compatibilityVersion = "Xcode 3.2";
			developmentRegion = English;
			hasScannedForEncodings = 0;
			knownRegions = (
				en,
				Base,
			);
			mainGroup = 11A33BFB1B4C75A000DA0108;
			productRefGroup = 11A33C051B4C75A000DA0108 /* Products */;
			projectDirPath = "";
			projectRoot = "";
			targets = (
				11A33C031B4C75A000DA0108 /* jody */,
				11A33C1C1B4C75A100DA0108 /* jodyTests */,
			);
		};
/* End PBXProject section */

/* Begin PBXResourcesBuildPhase section */
		11A33C021B4C75A000DA0108 /* Resources */ = {
			isa = PBXResourcesBuildPhase;
			buildActionMask = 2147483647;
			files = (
				11E6558D1B89F668008C8050 /* splashScreen.png in Resources */,
				115597D51B59832A00D1A42C /* colorWheelSmall@2x.png in Resources */,
				11A33C181B4C75A000DA0108 /* LaunchScreen.xib in Resources */,
				11A33C151B4C75A000DA0108 /* Images.xcassets in Resources */,
				11B49FFB1B72E1AB00823DB1 /* Main.storyboard in Resources */,
				116EAACC1B62D37900C7511E /* newspaperCircle.png in Resources */,
			);
			runOnlyForDeploymentPostprocessing = 0;
		};
		11A33C1B1B4C75A100DA0108 /* Resources */ = {
			isa = PBXResourcesBuildPhase;
			buildActionMask = 2147483647;
			files = (
			);
			runOnlyForDeploymentPostprocessing = 0;
		};
/* End PBXResourcesBuildPhase section */

/* Begin PBXSourcesBuildPhase section */
		11A33C001B4C75A000DA0108 /* Sources */ = {
			isa = PBXSourcesBuildPhase;
			buildActionMask = 2147483647;
			files = (
				11A33CAA1B4C856F00DA0108 /* AFURLSessionManager.m in Sources */,
				11A33CA71B4C856F00DA0108 /* AFURLConnectionOperation.m in Sources */,
				11A33CC21B4C858D00DA0108 /* UIRefreshControl+AFNetworking.m in Sources */,
				11B49FF61B72DBEF00823DB1 /* StartViewController.m in Sources */,
				11A33CBF1B4C858D00DA0108 /* UIButton+AFNetworking.m in Sources */,
				11A33CC11B4C858D00DA0108 /* UIProgressView+AFNetworking.m in Sources */,
				11A33CA21B4C856F00DA0108 /* AFHTTPRequestOperation.m in Sources */,
				11B4A05E1B79055600823DB1 /* NWSource.m in Sources */,
				11B4A0621B791D1400823DB1 /* constants.m in Sources */,
				11B4A06B1B796C7900823DB1 /* UIImage+crop.m in Sources */,
				11A33CBE1B4C858D00DA0108 /* UIAlertView+AFNetworking.m in Sources */,
				11A33CA31B4C856F00DA0108 /* AFHTTPRequestOperationManager.m in Sources */,
				11A33C0D1B4C75A000DA0108 /* AppDelegate.m in Sources */,
				11A33C391B4C761500DA0108 /* HeadlinesView.m in Sources */,
				11DF37351B7F6BF60096EE35 /* PositionManager.m in Sources */,
				11A33CC01B4C858D00DA0108 /* UIImageView+AFNetworking.m in Sources */,
				11A33CA41B4C856F00DA0108 /* AFHTTPSessionManager.m in Sources */,
				11A33CBD1B4C858D00DA0108 /* UIActivityIndicatorView+AFNetworking.m in Sources */,
				11A33CBC1B4C858D00DA0108 /* AFNetworkActivityIndicatorManager.m in Sources */,
				11B4A0581B78EE7E00823DB1 /* SourceManager.m in Sources */,
				11A33C321B4C75DE00DA0108 /* ColorWheelView.m in Sources */,
				11A33C0A1B4C75A000DA0108 /* main.m in Sources */,
				11DF367D1B7E1D630096EE35 /* ChainView.m in Sources */,
				116EAAD11B630DE700C7511E /* BackgroundGenerator.m in Sources */,
				11A33CA61B4C856F00DA0108 /* AFSecurityPolicy.m in Sources */,
				11A33CA81B4C856F00DA0108 /* AFURLRequestSerialization.m in Sources */,
				11A33CA51B4C856F00DA0108 /* AFNetworkReachabilityManager.m in Sources */,
				11B49FF01B72CEE600823DB1 /* InfoViewController.m in Sources */,
				11A33CC31B4C858D00DA0108 /* UIWebView+AFNetworking.m in Sources */,
				115597D91B59918B00D1A42C /* RSSManager.m in Sources */,
				11B4A0511B78DD5B00823DB1 /* frontPage.m in Sources */,
				1146C2831B85FCEB00B3872B /* FontManager.m in Sources */,
				11A33CA91B4C856F00DA0108 /* AFURLResponseSerialization.m in Sources */,
				11A33C331B4C75DE00DA0108 /* MainViewController.m in Sources */,
			);
			runOnlyForDeploymentPostprocessing = 0;
		};
		11A33C191B4C75A100DA0108 /* Sources */ = {
			isa = PBXSourcesBuildPhase;
			buildActionMask = 2147483647;
			files = (
				11A33C241B4C75A100DA0108 /* jodyTests.m in Sources */,
			);
			runOnlyForDeploymentPostprocessing = 0;
		};
/* End PBXSourcesBuildPhase section */

/* Begin PBXTargetDependency section */
		11A33C1F1B4C75A100DA0108 /* PBXTargetDependency */ = {
			isa = PBXTargetDependency;
			target = 11A33C031B4C75A000DA0108 /* jody */;
			targetProxy = 11A33C1E1B4C75A100DA0108 /* PBXContainerItemProxy */;
		};
/* End PBXTargetDependency section */

/* Begin PBXVariantGroup section */
		11A33C161B4C75A000DA0108 /* LaunchScreen.xib */ = {
			isa = PBXVariantGroup;
			children = (
				11A33C171B4C75A000DA0108 /* Base */,
			);
			name = LaunchScreen.xib;
			sourceTree = "<group>";
		};
		11B49FF91B72E1AB00823DB1 /* Main.storyboard */ = {
			isa = PBXVariantGroup;
			children = (
				11B49FFA1B72E1AB00823DB1 /* Base */,
			);
			name = Main.storyboard;
			path = ..;
			sourceTree = "<group>";
		};
/* End PBXVariantGroup section */

/* Begin XCBuildConfiguration section */
		11A33C251B4C75A100DA0108 /* Debug */ = {
			isa = XCBuildConfiguration;
			buildSettings = {
				ALWAYS_SEARCH_USER_PATHS = NO;
				CLANG_CXX_LANGUAGE_STANDARD = "gnu++0x";
				CLANG_CXX_LIBRARY = "libc++";
				CLANG_ENABLE_MODULES = YES;
				CLANG_ENABLE_OBJC_ARC = YES;
				CLANG_WARN_BOOL_CONVERSION = YES;
				CLANG_WARN_CONSTANT_CONVERSION = YES;
				CLANG_WARN_DIRECT_OBJC_ISA_USAGE = YES_ERROR;
				CLANG_WARN_EMPTY_BODY = YES;
				CLANG_WARN_ENUM_CONVERSION = YES;
				CLANG_WARN_INT_CONVERSION = YES;
				CLANG_WARN_OBJC_ROOT_CLASS = YES_ERROR;
				CLANG_WARN_UNREACHABLE_CODE = YES;
				CLANG_WARN__DUPLICATE_METHOD_MATCH = YES;
				"CODE_SIGN_IDENTITY[sdk=iphoneos*]" = "iPhone Developer";
				COPY_PHASE_STRIP = NO;
				DEBUG_INFORMATION_FORMAT = "dwarf-with-dsym";
				ENABLE_STRICT_OBJC_MSGSEND = YES;
				GCC_C_LANGUAGE_STANDARD = gnu99;
				GCC_DYNAMIC_NO_PIC = NO;
				GCC_NO_COMMON_BLOCKS = YES;
				GCC_OPTIMIZATION_LEVEL = 0;
				GCC_PREPROCESSOR_DEFINITIONS = (
					"DEBUG=1",
					"$(inherited)",
				);
				GCC_SYMBOLS_PRIVATE_EXTERN = NO;
				GCC_WARN_64_TO_32_BIT_CONVERSION = YES;
				GCC_WARN_ABOUT_RETURN_TYPE = YES_ERROR;
				GCC_WARN_UNDECLARED_SELECTOR = YES;
				GCC_WARN_UNINITIALIZED_AUTOS = YES_AGGRESSIVE;
				GCC_WARN_UNUSED_FUNCTION = YES;
				GCC_WARN_UNUSED_VARIABLE = YES;
				IPHONEOS_DEPLOYMENT_TARGET = 8.4;
				MTL_ENABLE_DEBUG_INFO = YES;
				ONLY_ACTIVE_ARCH = YES;
				SDKROOT = iphoneos;
				TARGETED_DEVICE_FAMILY = "1,2";
			};
			name = Debug;
		};
		11A33C261B4C75A100DA0108 /* Release */ = {
			isa = XCBuildConfiguration;
			buildSettings = {
				ALWAYS_SEARCH_USER_PATHS = NO;
				CLANG_CXX_LANGUAGE_STANDARD = "gnu++0x";
				CLANG_CXX_LIBRARY = "libc++";
				CLANG_ENABLE_MODULES = YES;
				CLANG_ENABLE_OBJC_ARC = YES;
				CLANG_WARN_BOOL_CONVERSION = YES;
				CLANG_WARN_CONSTANT_CONVERSION = YES;
				CLANG_WARN_DIRECT_OBJC_ISA_USAGE = YES_ERROR;
				CLANG_WARN_EMPTY_BODY = YES;
				CLANG_WARN_ENUM_CONVERSION = YES;
				CLANG_WARN_INT_CONVERSION = YES;
				CLANG_WARN_OBJC_ROOT_CLASS = YES_ERROR;
				CLANG_WARN_UNREACHABLE_CODE = YES;
				CLANG_WARN__DUPLICATE_METHOD_MATCH = YES;
				"CODE_SIGN_IDENTITY[sdk=iphoneos*]" = "iPhone Developer";
				COPY_PHASE_STRIP = NO;
				DEBUG_INFORMATION_FORMAT = "dwarf-with-dsym";
				ENABLE_NS_ASSERTIONS = NO;
				ENABLE_STRICT_OBJC_MSGSEND = YES;
				GCC_C_LANGUAGE_STANDARD = gnu99;
				GCC_NO_COMMON_BLOCKS = YES;
				GCC_WARN_64_TO_32_BIT_CONVERSION = YES;
				GCC_WARN_ABOUT_RETURN_TYPE = YES_ERROR;
				GCC_WARN_UNDECLARED_SELECTOR = YES;
				GCC_WARN_UNINITIALIZED_AUTOS = YES_AGGRESSIVE;
				GCC_WARN_UNUSED_FUNCTION = YES;
				GCC_WARN_UNUSED_VARIABLE = YES;
				IPHONEOS_DEPLOYMENT_TARGET = 8.4;
				MTL_ENABLE_DEBUG_INFO = NO;
				SDKROOT = iphoneos;
				TARGETED_DEVICE_FAMILY = "1,2";
				VALIDATE_PRODUCT = YES;
			};
			name = Release;
		};
		11A33C281B4C75A100DA0108 /* Debug */ = {
			isa = XCBuildConfiguration;
			buildSettings = {
				ASSETCATALOG_COMPILER_APPICON_NAME = AppIcon;
				FRAMEWORK_SEARCH_PATHS = (
					"$(inherited)",
					"$(PROJECT_DIR)",
				);
				HEADER_SEARCH_PATHS = $SDK_DIR/usr/include/libxml2;
				INFOPLIST_FILE = jody/Info.plist;
				LD_RUNPATH_SEARCH_PATHS = "$(inherited) @executable_path/Frameworks";
				"LIBRARY_SEARCH_PATHS[arch=*]" = "";
				PRODUCT_NAME = "$(TARGET_NAME)";
				USER_HEADER_SEARCH_PATHS = "";
			};
			name = Debug;
		};
		11A33C291B4C75A100DA0108 /* Release */ = {
			isa = XCBuildConfiguration;
			buildSettings = {
				ASSETCATALOG_COMPILER_APPICON_NAME = AppIcon;
				FRAMEWORK_SEARCH_PATHS = (
					"$(inherited)",
					"$(PROJECT_DIR)",
				);
				HEADER_SEARCH_PATHS = $SDK_DIR/usr/include/libxml2;
				INFOPLIST_FILE = jody/Info.plist;
				LD_RUNPATH_SEARCH_PATHS = "$(inherited) @executable_path/Frameworks";
				PRODUCT_NAME = "$(TARGET_NAME)";
				USER_HEADER_SEARCH_PATHS = "";
			};
			name = Release;
		};
		11A33C2B1B4C75A100DA0108 /* Debug */ = {
			isa = XCBuildConfiguration;
			buildSettings = {
				BUNDLE_LOADER = "$(TEST_HOST)";
				FRAMEWORK_SEARCH_PATHS = (
					"$(SDKROOT)/Developer/Library/Frameworks",
					"$(inherited)",
				);
				GCC_PREPROCESSOR_DEFINITIONS = (
					"DEBUG=1",
					"$(inherited)",
				);
				INFOPLIST_FILE = jodyTests/Info.plist;
				LD_RUNPATH_SEARCH_PATHS = "$(inherited) @executable_path/Frameworks @loader_path/Frameworks";
				PRODUCT_NAME = "$(TARGET_NAME)";
				TEST_HOST = "$(BUILT_PRODUCTS_DIR)/jody.app/jody";
			};
			name = Debug;
		};
		11A33C2C1B4C75A100DA0108 /* Release */ = {
			isa = XCBuildConfiguration;
			buildSettings = {
				BUNDLE_LOADER = "$(TEST_HOST)";
				FRAMEWORK_SEARCH_PATHS = (
					"$(SDKROOT)/Developer/Library/Frameworks",
					"$(inherited)",
				);
				INFOPLIST_FILE = jodyTests/Info.plist;
				LD_RUNPATH_SEARCH_PATHS = "$(inherited) @executable_path/Frameworks @loader_path/Frameworks";
				PRODUCT_NAME = "$(TARGET_NAME)";
				TEST_HOST = "$(BUILT_PRODUCTS_DIR)/jody.app/jody";
			};
			name = Release;
		};
/* End XCBuildConfiguration section */

/* Begin XCConfigurationList section */
		11A33BFF1B4C75A000DA0108 /* Build configuration list for PBXProject "jody" */ = {
			isa = XCConfigurationList;
			buildConfigurations = (
				11A33C251B4C75A100DA0108 /* Debug */,
				11A33C261B4C75A100DA0108 /* Release */,
			);
			defaultConfigurationIsVisible = 0;
			defaultConfigurationName = Release;
		};
		11A33C271B4C75A100DA0108 /* Build configuration list for PBXNativeTarget "jody" */ = {
			isa = XCConfigurationList;
			buildConfigurations = (
				11A33C281B4C75A100DA0108 /* Debug */,
				11A33C291B4C75A100DA0108 /* Release */,
			);
			defaultConfigurationIsVisible = 0;
			defaultConfigurationName = Release;
		};
		11A33C2A1B4C75A100DA0108 /* Build configuration list for PBXNativeTarget "jodyTests" */ = {
			isa = XCConfigurationList;
			buildConfigurations = (
				11A33C2B1B4C75A100DA0108 /* Debug */,
				11A33C2C1B4C75A100DA0108 /* Release */,
			);
			defaultConfigurationIsVisible = 0;
			defaultConfigurationName = Release;
		};
/* End XCConfigurationList section */
	};
	rootObject = 11A33BFC1B4C75A000DA0108 /* Project object */;
}
